// !$*UTF8*$!
{
	archiveVersion = 1;
	classes = {
	};
	objectVersion = 56;
	objects = {

/* Begin PBXBuildFile section */
		C906C2222CA1EBD9003067A9 /* Transformation.swift in Sources */ = {isa = PBXBuildFile; fileRef = C906C2212CA1EBD9003067A9 /* Transformation.swift */; };
		C906C2242CA2075E003067A9 /* LocalDataModel.swift in Sources */ = {isa = PBXBuildFile; fileRef = C906C2232CA2075E003067A9 /* LocalDataModel.swift */; };
		C961A5D52C96454D00B4B54B /* PersonajesTableViewCell.swift in Sources */ = {isa = PBXBuildFile; fileRef = C961A5D32C96454D00B4B54B /* PersonajesTableViewCell.swift */; };
		C961A5D62C96454D00B4B54B /* PersonajesTableViewCell.xib in Resources */ = {isa = PBXBuildFile; fileRef = C961A5D42C96454D00B4B54B /* PersonajesTableViewCell.xib */; };
		C96666612C950099005C2419 /* AppDelegate.swift in Sources */ = {isa = PBXBuildFile; fileRef = C96666602C950099005C2419 /* AppDelegate.swift */; };
		C96666632C950099005C2419 /* SceneDelegate.swift in Sources */ = {isa = PBXBuildFile; fileRef = C96666622C950099005C2419 /* SceneDelegate.swift */; };
		C966666A2C95009A005C2419 /* Assets.xcassets in Resources */ = {isa = PBXBuildFile; fileRef = C96666692C95009A005C2419 /* Assets.xcassets */; };
		C966666D2C95009A005C2419 /* Base in Resources */ = {isa = PBXBuildFile; fileRef = C966666C2C95009A005C2419 /* Base */; };
		C96666792C950D3B005C2419 /* DbzCharacter.swift in Sources */ = {isa = PBXBuildFile; fileRef = C96666782C950D3B005C2419 /* DbzCharacter.swift */; };
		C966667E2C950FF4005C2419 /* LoginViewController.swift in Sources */ = {isa = PBXBuildFile; fileRef = C966667C2C950FF4005C2419 /* LoginViewController.swift */; };
		C966667F2C950FF4005C2419 /* LoginViewController.xib in Resources */ = {isa = PBXBuildFile; fileRef = C966667D2C950FF4005C2419 /* LoginViewController.xib */; };
		C9883EF82C9CD72500538098 /* TransformationsListViewController.swift in Sources */ = {isa = PBXBuildFile; fileRef = C9883EF62C9CD72500538098 /* TransformationsListViewController.swift */; };
		C9883EF92C9CD72500538098 /* TranformationsListViewController.xib in Resources */ = {isa = PBXBuildFile; fileRef = C9883EF72C9CD72500538098 /* TranformationsListViewController.xib */; };
		C9883EFC2C9CDB0000538098 /* TransformationTableViewCell.swift in Sources */ = {isa = PBXBuildFile; fileRef = C9883EFA2C9CDB0000538098 /* TransformationTableViewCell.swift */; };
		C9883EFD2C9CDB0000538098 /* TransformationTableViewCell.xib in Resources */ = {isa = PBXBuildFile; fileRef = C9883EFB2C9CDB0000538098 /* TransformationTableViewCell.xib */; };
		C99703172CA336230068C4A6 /* TransfomationDetailViewController.xib in Resources */ = {isa = PBXBuildFile; fileRef = C99703162CA336230068C4A6 /* TransfomationDetailViewController.xib */; };
		C99703182CA336230068C4A6 /* TransfomationDetailViewController.swift in Sources */ = {isa = PBXBuildFile; fileRef = C99703152CA336230068C4A6 /* TransfomationDetailViewController.swift */; };
		C997031B2CA3506F0068C4A6 /* UIImageView+Remote.swift in Sources */ = {isa = PBXBuildFile; fileRef = C997031A2CA3506F0068C4A6 /* UIImageView+Remote.swift */; };
		C9A3D71F2C9B592100802215 /* NetworkModel.swift in Sources */ = {isa = PBXBuildFile; fileRef = C9A3D71E2C9B592100802215 /* NetworkModel.swift */; };
		C9A3D7212C9B600200802215 /* APIClient.swift in Sources */ = {isa = PBXBuildFile; fileRef = C9A3D7202C9B600200802215 /* APIClient.swift */; };
		C9D6238C2C99D8370020E6C5 /* DescriptionViewController.swift in Sources */ = {isa = PBXBuildFile; fileRef = C9D6238A2C99D8370020E6C5 /* DescriptionViewController.swift */; };
		C9D6238D2C99D8370020E6C5 /* DescriptionViewController.xib in Resources */ = {isa = PBXBuildFile; fileRef = C9D6238B2C99D8370020E6C5 /* DescriptionViewController.xib */; };
		C9F43A3B2C960B9D00BB9CD6 /* PersonajesListViewController.swift in Sources */ = {isa = PBXBuildFile; fileRef = C9F43A392C960B9D00BB9CD6 /* PersonajesListViewController.swift */; };
		C9F43A3C2C960B9D00BB9CD6 /* PersonajesListViewController.xib in Resources */ = {isa = PBXBuildFile; fileRef = C9F43A3A2C960B9D00BB9CD6 /* PersonajesListViewController.xib */; };
/* End PBXBuildFile section */

/* Begin PBXFileReference section */
		C906C2212CA1EBD9003067A9 /* Transformation.swift */ = {isa = PBXFileReference; lastKnownFileType = sourcecode.swift; path = Transformation.swift; sourceTree = "<group>"; };
		C906C2232CA2075E003067A9 /* LocalDataModel.swift */ = {isa = PBXFileReference; lastKnownFileType = sourcecode.swift; path = LocalDataModel.swift; sourceTree = "<group>"; };
		C961A5D32C96454D00B4B54B /* PersonajesTableViewCell.swift */ = {isa = PBXFileReference; lastKnownFileType = sourcecode.swift; path = PersonajesTableViewCell.swift; sourceTree = "<group>"; };
		C961A5D42C96454D00B4B54B /* PersonajesTableViewCell.xib */ = {isa = PBXFileReference; lastKnownFileType = file.xib; path = PersonajesTableViewCell.xib; sourceTree = "<group>"; };
		C966665D2C950099005C2419 /* DragonBallHeroes.app */ = {isa = PBXFileReference; explicitFileType = wrapper.application; includeInIndex = 0; path = DragonBallHeroes.app; sourceTree = BUILT_PRODUCTS_DIR; };
		C96666602C950099005C2419 /* AppDelegate.swift */ = {isa = PBXFileReference; lastKnownFileType = sourcecode.swift; path = AppDelegate.swift; sourceTree = "<group>"; };
		C96666622C950099005C2419 /* SceneDelegate.swift */ = {isa = PBXFileReference; lastKnownFileType = sourcecode.swift; path = SceneDelegate.swift; sourceTree = "<group>"; };
		C96666692C95009A005C2419 /* Assets.xcassets */ = {isa = PBXFileReference; lastKnownFileType = folder.assetcatalog; path = Assets.xcassets; sourceTree = "<group>"; };
		C966666C2C95009A005C2419 /* Base */ = {isa = PBXFileReference; lastKnownFileType = file.storyboard; name = Base; path = Base.lproj/LaunchScreen.storyboard; sourceTree = "<group>"; };
		C966666E2C95009A005C2419 /* Info.plist */ = {isa = PBXFileReference; lastKnownFileType = text.plist.xml; path = Info.plist; sourceTree = "<group>"; };
		C96666782C950D3B005C2419 /* DbzCharacter.swift */ = {isa = PBXFileReference; lastKnownFileType = sourcecode.swift; path = DbzCharacter.swift; sourceTree = "<group>"; };
		C966667C2C950FF4005C2419 /* LoginViewController.swift */ = {isa = PBXFileReference; lastKnownFileType = sourcecode.swift; path = LoginViewController.swift; sourceTree = "<group>"; };
		C966667D2C950FF4005C2419 /* LoginViewController.xib */ = {isa = PBXFileReference; lastKnownFileType = file.xib; path = LoginViewController.xib; sourceTree = "<group>"; };
		C9883EF62C9CD72500538098 /* TransformationsListViewController.swift */ = {isa = PBXFileReference; lastKnownFileType = sourcecode.swift; path = TransformationsListViewController.swift; sourceTree = "<group>"; };
		C9883EF72C9CD72500538098 /* TranformationsListViewController.xib */ = {isa = PBXFileReference; lastKnownFileType = file.xib; path = TranformationsListViewController.xib; sourceTree = "<group>"; };
		C9883EFA2C9CDB0000538098 /* TransformationTableViewCell.swift */ = {isa = PBXFileReference; lastKnownFileType = sourcecode.swift; path = TransformationTableViewCell.swift; sourceTree = "<group>"; };
		C9883EFB2C9CDB0000538098 /* TransformationTableViewCell.xib */ = {isa = PBXFileReference; lastKnownFileType = file.xib; path = TransformationTableViewCell.xib; sourceTree = "<group>"; };
		C99703152CA336230068C4A6 /* TransfomationDetailViewController.swift */ = {isa = PBXFileReference; lastKnownFileType = sourcecode.swift; path = TransfomationDetailViewController.swift; sourceTree = "<group>"; };
		C99703162CA336230068C4A6 /* TransfomationDetailViewController.xib */ = {isa = PBXFileReference; lastKnownFileType = file.xib; path = TransfomationDetailViewController.xib; sourceTree = "<group>"; };
		C997031A2CA3506F0068C4A6 /* UIImageView+Remote.swift */ = {isa = PBXFileReference; lastKnownFileType = sourcecode.swift; path = "UIImageView+Remote.swift"; sourceTree = "<group>"; };
		C9A3D71E2C9B592100802215 /* NetworkModel.swift */ = {isa = PBXFileReference; lastKnownFileType = sourcecode.swift; path = NetworkModel.swift; sourceTree = "<group>"; };
		C9A3D7202C9B600200802215 /* APIClient.swift */ = {isa = PBXFileReference; lastKnownFileType = sourcecode.swift; path = APIClient.swift; sourceTree = "<group>"; };
		C9D6238A2C99D8370020E6C5 /* DescriptionViewController.swift */ = {isa = PBXFileReference; lastKnownFileType = sourcecode.swift; path = DescriptionViewController.swift; sourceTree = "<group>"; };
		C9D6238B2C99D8370020E6C5 /* DescriptionViewController.xib */ = {isa = PBXFileReference; lastKnownFileType = file.xib; path = DescriptionViewController.xib; sourceTree = "<group>"; };
		C9F43A392C960B9D00BB9CD6 /* PersonajesListViewController.swift */ = {isa = PBXFileReference; lastKnownFileType = sourcecode.swift; path = PersonajesListViewController.swift; sourceTree = "<group>"; };
		C9F43A3A2C960B9D00BB9CD6 /* PersonajesListViewController.xib */ = {isa = PBXFileReference; lastKnownFileType = file.xib; path = PersonajesListViewController.xib; sourceTree = "<group>"; };
/* End PBXFileReference section */

/* Begin PBXFrameworksBuildPhase section */
		C966665A2C950099005C2419 /* Frameworks */ = {
			isa = PBXFrameworksBuildPhase;
			buildActionMask = 2147483647;
			files = (
			);
			runOnlyForDeploymentPostprocessing = 0;
		};
/* End PBXFrameworksBuildPhase section */

/* Begin PBXGroup section */
		C96666542C950099005C2419 = {
			isa = PBXGroup;
			children = (
				C966665F2C950099005C2419 /* DragonBallHeroes */,
				C966665E2C950099005C2419 /* Products */,
			);
			sourceTree = "<group>";
		};
		C966665E2C950099005C2419 /* Products */ = {
			isa = PBXGroup;
			children = (
				C966665D2C950099005C2419 /* DragonBallHeroes.app */,
			);
			name = Products;
			sourceTree = "<group>";
		};
		C966665F2C950099005C2419 /* DragonBallHeroes */ = {
			isa = PBXGroup;
			children = (
				C99703192CA3505D0068C4A6 /* Extensions */,
				C96666752C950C5E005C2419 /* Presentation */,
				C96666742C950C4E005C2419 /* Models */,
				C96666602C950099005C2419 /* AppDelegate.swift */,
				C96666622C950099005C2419 /* SceneDelegate.swift */,
				C96666692C95009A005C2419 /* Assets.xcassets */,
				C966666B2C95009A005C2419 /* LaunchScreen.storyboard */,
				C966666E2C95009A005C2419 /* Info.plist */,
			);
			path = DragonBallHeroes;
			sourceTree = "<group>";
		};
		C96666742C950C4E005C2419 /* Models */ = {
			isa = PBXGroup;
			children = (
				C96666782C950D3B005C2419 /* DbzCharacter.swift */,
				C9A3D71E2C9B592100802215 /* NetworkModel.swift */,
				C9A3D7202C9B600200802215 /* APIClient.swift */,
				C906C2212CA1EBD9003067A9 /* Transformation.swift */,
				C906C2232CA2075E003067A9 /* LocalDataModel.swift */,
			);
			path = Models;
			sourceTree = "<group>";
		};
		C96666752C950C5E005C2419 /* Presentation */ = {
			isa = PBXGroup;
			children = (
				C966667B2C950DC1005C2419 /* View */,
				C966667A2C950DB8005C2419 /* Controller */,
			);
			path = Presentation;
			sourceTree = "<group>";
		};
		C966667A2C950DB8005C2419 /* Controller */ = {
			isa = PBXGroup;
			children = (
				C966667C2C950FF4005C2419 /* LoginViewController.swift */,
				C9F43A392C960B9D00BB9CD6 /* PersonajesListViewController.swift */,
				C9D6238A2C99D8370020E6C5 /* DescriptionViewController.swift */,
				C9883EF62C9CD72500538098 /* TransformationsListViewController.swift */,
				C99703152CA336230068C4A6 /* TransfomationDetailViewController.swift */,
			);
			path = Controller;
			sourceTree = "<group>";
		};
		C966667B2C950DC1005C2419 /* View */ = {
			isa = PBXGroup;
			children = (
				C966667D2C950FF4005C2419 /* LoginViewController.xib */,
				C9F43A3A2C960B9D00BB9CD6 /* PersonajesListViewController.xib */,
				C961A5D32C96454D00B4B54B /* PersonajesTableViewCell.swift */,
				C961A5D42C96454D00B4B54B /* PersonajesTableViewCell.xib */,
				C9D6238B2C99D8370020E6C5 /* DescriptionViewController.xib */,
				C9883EF72C9CD72500538098 /* TranformationsListViewController.xib */,
				C9883EFA2C9CDB0000538098 /* TransformationTableViewCell.swift */,
				C9883EFB2C9CDB0000538098 /* TransformationTableViewCell.xib */,
				C99703162CA336230068C4A6 /* TransfomationDetailViewController.xib */,
			);
			path = View;
			sourceTree = "<group>";
		};
		C99703192CA3505D0068C4A6 /* Extensions */ = {
			isa = PBXGroup;
			children = (
				C997031A2CA3506F0068C4A6 /* UIImageView+Remote.swift */,
			);
			path = Extensions;
			sourceTree = "<group>";
		};
/* End PBXGroup section */

/* Begin PBXNativeTarget section */
		C966665C2C950099005C2419 /* DragonBallHeroes */ = {
			isa = PBXNativeTarget;
			buildConfigurationList = C96666712C95009A005C2419 /* Build configuration list for PBXNativeTarget "DragonBallHeroes" */;
			buildPhases = (
				C96666592C950099005C2419 /* Sources */,
				C966665A2C950099005C2419 /* Frameworks */,
				C966665B2C950099005C2419 /* Resources */,
			);
			buildRules = (
			);
			dependencies = (
			);
			name = DragonBallHeroes;
			productName = DragonBallHeroes;
			productReference = C966665D2C950099005C2419 /* DragonBallHeroes.app */;
			productType = "com.apple.product-type.application";
		};
/* End PBXNativeTarget section */

/* Begin PBXProject section */
		C96666552C950099005C2419 /* Project object */ = {
			isa = PBXProject;
			attributes = {
				BuildIndependentTargetsInParallel = 1;
				LastSwiftUpdateCheck = 1540;
				LastUpgradeCheck = 1540;
				TargetAttributes = {
					C966665C2C950099005C2419 = {
						CreatedOnToolsVersion = 15.4;
					};
				};
			};
			buildConfigurationList = C96666582C950099005C2419 /* Build configuration list for PBXProject "DragonBallHeroes" */;
			compatibilityVersion = "Xcode 14.0";
			developmentRegion = en;
			hasScannedForEncodings = 0;
			knownRegions = (
				en,
				Base,
			);
			mainGroup = C96666542C950099005C2419;
			productRefGroup = C966665E2C950099005C2419 /* Products */;
			projectDirPath = "";
			projectRoot = "";
			targets = (
				C966665C2C950099005C2419 /* DragonBallHeroes */,
			);
		};
/* End PBXProject section */

/* Begin PBXResourcesBuildPhase section */
		C966665B2C950099005C2419 /* Resources */ = {
			isa = PBXResourcesBuildPhase;
			buildActionMask = 2147483647;
			files = (
				C9F43A3C2C960B9D00BB9CD6 /* PersonajesListViewController.xib in Resources */,
				C961A5D62C96454D00B4B54B /* PersonajesTableViewCell.xib in Resources */,
				C99703172CA336230068C4A6 /* TransfomationDetailViewController.xib in Resources */,
				C966666A2C95009A005C2419 /* Assets.xcassets in Resources */,
				C9D6238D2C99D8370020E6C5 /* DescriptionViewController.xib in Resources */,
				C9883EF92C9CD72500538098 /* TranformationsListViewController.xib in Resources */,
				C966666D2C95009A005C2419 /* Base in Resources */,
				C9883EFD2C9CDB0000538098 /* TransformationTableViewCell.xib in Resources */,
				C966667F2C950FF4005C2419 /* LoginViewController.xib in Resources */,
			);
			runOnlyForDeploymentPostprocessing = 0;
		};
/* End PBXResourcesBuildPhase section */

/* Begin PBXSourcesBuildPhase section */
		C96666592C950099005C2419 /* Sources */ = {
			isa = PBXSourcesBuildPhase;
			buildActionMask = 2147483647;
			files = (
				C906C2222CA1EBD9003067A9 /* Transformation.swift in Sources */,
				C9F43A3B2C960B9D00BB9CD6 /* PersonajesListViewController.swift in Sources */,
				C966667E2C950FF4005C2419 /* LoginViewController.swift in Sources */,
				C96666612C950099005C2419 /* AppDelegate.swift in Sources */,
				C96666632C950099005C2419 /* SceneDelegate.swift in Sources */,
				C9A3D7212C9B600200802215 /* APIClient.swift in Sources */,
				C961A5D52C96454D00B4B54B /* PersonajesTableViewCell.swift in Sources */,
				C9883EFC2C9CDB0000538098 /* TransformationTableViewCell.swift in Sources */,
				C9D6238C2C99D8370020E6C5 /* DescriptionViewController.swift in Sources */,
				C997031B2CA3506F0068C4A6 /* UIImageView+Remote.swift in Sources */,
				C906C2242CA2075E003067A9 /* LocalDataModel.swift in Sources */,
				C9A3D71F2C9B592100802215 /* NetworkModel.swift in Sources */,
				C99703182CA336230068C4A6 /* TransfomationDetailViewController.swift in Sources */,
				C96666792C950D3B005C2419 /* DbzCharacter.swift in Sources */,
				C9883EF82C9CD72500538098 /* TransformationsListViewController.swift in Sources */,
			);
			runOnlyForDeploymentPostprocessing = 0;
		};
/* End PBXSourcesBuildPhase section */

/* Begin PBXVariantGroup section */
		C966666B2C95009A005C2419 /* LaunchScreen.storyboard */ = {
			isa = PBXVariantGroup;
			children = (
				C966666C2C95009A005C2419 /* Base */,
			);
			name = LaunchScreen.storyboard;
			sourceTree = "<group>";
		};
/* End PBXVariantGroup section */

/* Begin XCBuildConfiguration section */
		C966666F2C95009A005C2419 /* Debug */ = {
			isa = XCBuildConfiguration;
			buildSettings = {
				ALWAYS_SEARCH_USER_PATHS = NO;
				ASSETCATALOG_COMPILER_GENERATE_SWIFT_ASSET_SYMBOL_EXTENSIONS = YES;
				CLANG_ANALYZER_NONNULL = YES;
				CLANG_ANALYZER_NUMBER_OBJECT_CONVERSION = YES_AGGRESSIVE;
				CLANG_CXX_LANGUAGE_STANDARD = "gnu++20";
				CLANG_ENABLE_MODULES = YES;
				CLANG_ENABLE_OBJC_ARC = YES;
				CLANG_ENABLE_OBJC_WEAK = YES;
				CLANG_WARN_BLOCK_CAPTURE_AUTORELEASING = YES;
				CLANG_WARN_BOOL_CONVERSION = YES;
				CLANG_WARN_COMMA = YES;
				CLANG_WARN_CONSTANT_CONVERSION = YES;
				CLANG_WARN_DEPRECATED_OBJC_IMPLEMENTATIONS = YES;
				CLANG_WARN_DIRECT_OBJC_ISA_USAGE = YES_ERROR;
				CLANG_WARN_DOCUMENTATION_COMMENTS = YES;
				CLANG_WARN_EMPTY_BODY = YES;
				CLANG_WARN_ENUM_CONVERSION = YES;
				CLANG_WARN_INFINITE_RECURSION = YES;
				CLANG_WARN_INT_CONVERSION = YES;
				CLANG_WARN_NON_LITERAL_NULL_CONVERSION = YES;
				CLANG_WARN_OBJC_IMPLICIT_RETAIN_SELF = YES;
				CLANG_WARN_OBJC_LITERAL_CONVERSION = YES;
				CLANG_WARN_OBJC_ROOT_CLASS = YES_ERROR;
				CLANG_WARN_QUOTED_INCLUDE_IN_FRAMEWORK_HEADER = YES;
				CLANG_WARN_RANGE_LOOP_ANALYSIS = YES;
				CLANG_WARN_STRICT_PROTOTYPES = YES;
				CLANG_WARN_SUSPICIOUS_MOVE = YES;
				CLANG_WARN_UNGUARDED_AVAILABILITY = YES_AGGRESSIVE;
				CLANG_WARN_UNREACHABLE_CODE = YES;
				CLANG_WARN__DUPLICATE_METHOD_MATCH = YES;
				COPY_PHASE_STRIP = NO;
				DEBUG_INFORMATION_FORMAT = dwarf;
				ENABLE_STRICT_OBJC_MSGSEND = YES;
				ENABLE_TESTABILITY = YES;
				ENABLE_USER_SCRIPT_SANDBOXING = YES;
				GCC_C_LANGUAGE_STANDARD = gnu17;
				GCC_DYNAMIC_NO_PIC = NO;
				GCC_NO_COMMON_BLOCKS = YES;
				GCC_OPTIMIZATION_LEVEL = 0;
				GCC_PREPROCESSOR_DEFINITIONS = (
					"DEBUG=1",
					"$(inherited)",
				);
				GCC_WARN_64_TO_32_BIT_CONVERSION = YES;
				GCC_WARN_ABOUT_RETURN_TYPE = YES_ERROR;
				GCC_WARN_UNDECLARED_SELECTOR = YES;
				GCC_WARN_UNINITIALIZED_AUTOS = YES_AGGRESSIVE;
				GCC_WARN_UNUSED_FUNCTION = YES;
				GCC_WARN_UNUSED_VARIABLE = YES;
				IPHONEOS_DEPLOYMENT_TARGET = 17.5;
				LOCALIZATION_PREFERS_STRING_CATALOGS = YES;
				MTL_ENABLE_DEBUG_INFO = INCLUDE_SOURCE;
				MTL_FAST_MATH = YES;
				ONLY_ACTIVE_ARCH = YES;
				SDKROOT = iphoneos;
				SWIFT_ACTIVE_COMPILATION_CONDITIONS = "DEBUG $(inherited)";
				SWIFT_OPTIMIZATION_LEVEL = "-Onone";
			};
			name = Debug;
		};
		C96666702C95009A005C2419 /* Release */ = {
			isa = XCBuildConfiguration;
			buildSettings = {
				ALWAYS_SEARCH_USER_PATHS = NO;
				ASSETCATALOG_COMPILER_GENERATE_SWIFT_ASSET_SYMBOL_EXTENSIONS = YES;
				CLANG_ANALYZER_NONNULL = YES;
				CLANG_ANALYZER_NUMBER_OBJECT_CONVERSION = YES_AGGRESSIVE;
				CLANG_CXX_LANGUAGE_STANDARD = "gnu++20";
				CLANG_ENABLE_MODULES = YES;
				CLANG_ENABLE_OBJC_ARC = YES;
				CLANG_ENABLE_OBJC_WEAK = YES;
				CLANG_WARN_BLOCK_CAPTURE_AUTORELEASING = YES;
				CLANG_WARN_BOOL_CONVERSION = YES;
				CLANG_WARN_COMMA = YES;
				CLANG_WARN_CONSTANT_CONVERSION = YES;
				CLANG_WARN_DEPRECATED_OBJC_IMPLEMENTATIONS = YES;
				CLANG_WARN_DIRECT_OBJC_ISA_USAGE = YES_ERROR;
				CLANG_WARN_DOCUMENTATION_COMMENTS = YES;
				CLANG_WARN_EMPTY_BODY = YES;
				CLANG_WARN_ENUM_CONVERSION = YES;
				CLANG_WARN_INFINITE_RECURSION = YES;
				CLANG_WARN_INT_CONVERSION = YES;
				CLANG_WARN_NON_LITERAL_NULL_CONVERSION = YES;
				CLANG_WARN_OBJC_IMPLICIT_RETAIN_SELF = YES;
				CLANG_WARN_OBJC_LITERAL_CONVERSION = YES;
				CLANG_WARN_OBJC_ROOT_CLASS = YES_ERROR;
				CLANG_WARN_QUOTED_INCLUDE_IN_FRAMEWORK_HEADER = YES;
				CLANG_WARN_RANGE_LOOP_ANALYSIS = YES;
				CLANG_WARN_STRICT_PROTOTYPES = YES;
				CLANG_WARN_SUSPICIOUS_MOVE = YES;
				CLANG_WARN_UNGUARDED_AVAILABILITY = YES_AGGRESSIVE;
				CLANG_WARN_UNREACHABLE_CODE = YES;
				CLANG_WARN__DUPLICATE_METHOD_MATCH = YES;
				COPY_PHASE_STRIP = NO;
				DEBUG_INFORMATION_FORMAT = "dwarf-with-dsym";
				ENABLE_NS_ASSERTIONS = NO;
				ENABLE_STRICT_OBJC_MSGSEND = YES;
				ENABLE_USER_SCRIPT_SANDBOXING = YES;
				GCC_C_LANGUAGE_STANDARD = gnu17;
				GCC_NO_COMMON_BLOCKS = YES;
				GCC_WARN_64_TO_32_BIT_CONVERSION = YES;
				GCC_WARN_ABOUT_RETURN_TYPE = YES_ERROR;
				GCC_WARN_UNDECLARED_SELECTOR = YES;
				GCC_WARN_UNINITIALIZED_AUTOS = YES_AGGRESSIVE;
				GCC_WARN_UNUSED_FUNCTION = YES;
				GCC_WARN_UNUSED_VARIABLE = YES;
				IPHONEOS_DEPLOYMENT_TARGET = 17.5;
				LOCALIZATION_PREFERS_STRING_CATALOGS = YES;
				MTL_ENABLE_DEBUG_INFO = NO;
				MTL_FAST_MATH = YES;
				SDKROOT = iphoneos;
				SWIFT_COMPILATION_MODE = wholemodule;
				VALIDATE_PRODUCT = YES;
			};
			name = Release;
		};
		C96666722C95009A005C2419 /* Debug */ = {
			isa = XCBuildConfiguration;
			buildSettings = {
				ASSETCATALOG_COMPILER_APPICON_NAME = AppIcon;
				ASSETCATALOG_COMPILER_GLOBAL_ACCENT_COLOR_NAME = AccentColor;
				CODE_SIGN_STYLE = Automatic;
				CURRENT_PROJECT_VERSION = 1;
				DEVELOPMENT_TEAM = F7BUD43D47;
				GENERATE_INFOPLIST_FILE = YES;
				INFOPLIST_FILE = DragonBallHeroes/Info.plist;
				INFOPLIST_KEY_UIApplicationSupportsIndirectInputEvents = YES;
				INFOPLIST_KEY_UILaunchStoryboardName = LaunchScreen;
				INFOPLIST_KEY_UISupportedInterfaceOrientations_iPad = "UIInterfaceOrientationPortrait UIInterfaceOrientationPortraitUpsideDown UIInterfaceOrientationLandscapeLeft UIInterfaceOrientationLandscapeRight";
				INFOPLIST_KEY_UISupportedInterfaceOrientations_iPhone = "UIInterfaceOrientationPortrait UIInterfaceOrientationLandscapeLeft UIInterfaceOrientationLandscapeRight";
				LD_RUNPATH_SEARCH_PATHS = (
					"$(inherited)",
					"@executable_path/Frameworks",
				);
				MARKETING_VERSION = 1.0;
				PRODUCT_BUNDLE_IDENTIFIER = com.kevinhe.DragonBallHeroes;
				PRODUCT_NAME = "$(TARGET_NAME)";
				SWIFT_EMIT_LOC_STRINGS = YES;
				SWIFT_VERSION = 5.0;
				TARGETED_DEVICE_FAMILY = "1,2";
			};
			name = Debug;
		};
		C96666732C95009A005C2419 /* Release */ = {
			isa = XCBuildConfiguration;
			buildSettings = {
				ASSETCATALOG_COMPILER_APPICON_NAME = AppIcon;
				ASSETCATALOG_COMPILER_GLOBAL_ACCENT_COLOR_NAME = AccentColor;
				CODE_SIGN_STYLE = Automatic;
				CURRENT_PROJECT_VERSION = 1;
				DEVELOPMENT_TEAM = F7BUD43D47;
				GENERATE_INFOPLIST_FILE = YES;
				INFOPLIST_FILE = DragonBallHeroes/Info.plist;
				INFOPLIST_KEY_UIApplicationSupportsIndirectInputEvents = YES;
				INFOPLIST_KEY_UILaunchStoryboardName = LaunchScreen;
				INFOPLIST_KEY_UISupportedInterfaceOrientations_iPad = "UIInterfaceOrientationPortrait UIInterfaceOrientationPortraitUpsideDown UIInterfaceOrientationLandscapeLeft UIInterfaceOrientationLandscapeRight";
				INFOPLIST_KEY_UISupportedInterfaceOrientations_iPhone = "UIInterfaceOrientationPortrait UIInterfaceOrientationLandscapeLeft UIInterfaceOrientationLandscapeRight";
				LD_RUNPATH_SEARCH_PATHS = (
					"$(inherited)",
					"@executable_path/Frameworks",
				);
				MARKETING_VERSION = 1.0;
				PRODUCT_BUNDLE_IDENTIFIER = com.kevinhe.DragonBallHeroes;
				PRODUCT_NAME = "$(TARGET_NAME)";
				SWIFT_EMIT_LOC_STRINGS = YES;
				SWIFT_VERSION = 5.0;
				TARGETED_DEVICE_FAMILY = "1,2";
			};
			name = Release;
		};
/* End XCBuildConfiguration section */

/* Begin XCConfigurationList section */
		C96666582C950099005C2419 /* Build configuration list for PBXProject "DragonBallHeroes" */ = {
			isa = XCConfigurationList;
			buildConfigurations = (
				C966666F2C95009A005C2419 /* Debug */,
				C96666702C95009A005C2419 /* Release */,
			);
			defaultConfigurationIsVisible = 0;
			defaultConfigurationName = Release;
		};
		C96666712C95009A005C2419 /* Build configuration list for PBXNativeTarget "DragonBallHeroes" */ = {
			isa = XCConfigurationList;
			buildConfigurations = (
				C96666722C95009A005C2419 /* Debug */,
				C96666732C95009A005C2419 /* Release */,
			);
			defaultConfigurationIsVisible = 0;
			defaultConfigurationName = Release;
		};
/* End XCConfigurationList section */
	};
	rootObject = C96666552C950099005C2419 /* Project object */;
}
